
Microsoft Visual Studio Solution File, Format Version 12.00
# Visual Studio 15
VisualStudioVersion = 15.0.28307.489
MinimumVisualStudioVersion = 10.0.40219.1
Project("{FAE04EC0-301F-11D3-BF4B-00C04F79EFBC}") = "ProjectForCardPay", "CardPay\ProjectForCardPay.csproj", "{8298CAC7-46EA-4807-974B-9CEE09758958}"
EndProject
Global
	GlobalSection(SolutionConfigurationPlatforms) = preSolution
		Debug|Any CPU = Debug|Any CPU
		Release|Any CPU = Release|Any CPU
	EndGlobalSection
	GlobalSection(ProjectConfigurationPlatforms) = postSolution
		{8298CAC7-46EA-4807-974B-9CEE09758958}.Debug|Any CPU.ActiveCfg = Debug|Any CPU
		{8298CAC7-46EA-4807-974B-9CEE09758958}.Debug|Any CPU.Build.0 = Debug|Any CPU
		{8298CAC7-46EA-4807-974B-9CEE09758958}.Release|Any CPU.ActiveCfg = Release|Any CPU
		{8298CAC7-46EA-4807-974B-9CEE09758958}.Release|Any CPU.Build.0 = Release|Any CPU
	EndGlobalSection
	GlobalSection(SolutionProperties) = preSolution
		HideSolutionNode = FALSE
	EndGlobalSection
	GlobalSection(ExtensibilityGlobals) = postSolution
		SolutionGuid = {E0503BB0-3A92-4424-ABF4-C97C68847EBD}
	EndGlobalSection
EndGlobal
